
Microsoft Visual Studio Solution File, Format Version 12.00
# Visual Studio Version 16
VisualStudioVersion = 16.0.30804.86
MinimumVisualStudioVersion = 10.0.40219.1
Project("{FAE04EC0-301F-11D3-BF4B-00C04F79EFBC}") = "OdevMetodlar", "ConsoleApp1\OdevMetodlar.csproj", "{AC8FA0C3-6DE5-43BE-8911-9FAD418C83AA}"
EndProject
Global
	GlobalSection(SolutionConfigurationPlatforms) = preSolution
		Debug|Any CPU = Debug|Any CPU
		Release|Any CPU = Release|Any CPU
	EndGlobalSection
	GlobalSection(ProjectConfigurationPlatforms) = postSolution
		{AC8FA0C3-6DE5-43BE-8911-9FAD418C83AA}.Debug|Any CPU.ActiveCfg = Debug|Any CPU
		{AC8FA0C3-6DE5-43BE-8911-9FAD418C83AA}.Debug|Any CPU.Build.0 = Debug|Any CPU
		{AC8FA0C3-6DE5-43BE-8911-9FAD418C83AA}.Release|Any CPU.ActiveCfg = Release|Any CPU
		{AC8FA0C3-6DE5-43BE-8911-9FAD418C83AA}.Release|Any CPU.Build.0 = Release|Any CPU
	EndGlobalSection
	GlobalSection(SolutionProperties) = preSolution
		HideSolutionNode = FALSE
	EndGlobalSection
	GlobalSection(ExtensibilityGlobals) = postSolution
		SolutionGuid = {57750EF7-452D-492E-A6C8-24D60A9366D0}
	EndGlobalSection
EndGlobal
